hash: d46605f72d13e7b883baac5b1b7d5639f8fb7fd75c8d8b63e0ff7215c8927c7e
updated: 2017-11-02T01:45:30.9681379+08:00
imports:
- name: github.com/golang/protobuf
  version: 748d386b5c1ea99658fd69fe9f03991ce86a90c1
  subpackages:
  - proto
  - ptypes
  - ptypes/any
  - ptypes/duration
  - ptypes/timestamp
- name: github.com/intelsdi-x/snap-plugin-lib-go
  version: 69934c200c23811291535a804852ff2231bf85f0
  subpackages:
  - v1
  - v1/plugin
  - v1/plugin/rpc
- name: github.com/intelsdi-x/snap-plugin-utilities
  version: 53c6d26990688f3f277511f5501518167f4cb798
  subpackages:
  - str
- name: github.com/julienschmidt/httprouter
  version: 8c199fb6259ffc1af525cc3ad52ee60ba8359669
- name: github.com/sirupsen/logrus
  version: f006c2ac4710855cf0f916dd6b77acf6b048dc6e
- name: github.com/urfave/cli
  version: cfb38830724cc34fedffe9a2a29fb54fa9169cd1
- name: golang.org/x/crypto
  version: 2509b142fb2b797aa7587dad548f113b2c0f20ce
  subpackages:
  - ssh/terminal
- name: golang.org/x/net
  version: f5079bd7f6f74e23c4d65efa0f4ce14cbd6a3c0f
  subpackages:
  - context
  - http2
  - http2/hpack
  - idna
  - internal/timeseries
  - lex/httplex
  - trace
- name: golang.org/x/sys
  version: c8bc69bc2db9c57ccf979550bc69655df5039a8a
  subpackages:
  - unix
  - windows
- name: golang.org/x/text
  version: 6eab0e8f74e86c598ec3b6fad4888e0c11482d48
  subpackages:
  - secure/bidirule
  - transform
  - unicode/bidi
  - unicode/norm
- name: google.golang.org/genproto
  version: f676e0f3ac6395ff1a529ae59a6670878a8371a6
  subpackages:
  - googleapis/rpc/status
- name: google.golang.org/grpc
  version: 61d37c5d657a47e4404fd6823bd598341a2595de
  subpackages:
  - balancer
  - codes
  - connectivity
  - credentials
  - grpclb/grpc_lb_v1/messages
  - grpclog
  - internal
  - keepalive
  - metadata
  - naming
  - peer
  - resolver
  - stats
  - status
  - tap
  - transport
testImports:
- name: github.com/davecgh/go-spew
  version: 6d212800a42e8ab5c146b8ace3490ee17e5225f9
  subpackages:
  - spew
- name: github.com/gopherjs/gopherjs
  version: 4b53e1bddba0e2f734514aeb6c02db652f4c6fe8
  subpackages:
  - js
- name: github.com/jtolds/gls
  version: 8ddce2a84170772b95dd5d576c48d517b22cac63
- name: github.com/pmezard/go-difflib
  version: d8ed2627bdf02c080bf22230dbb337003b7aba2d
  subpackages:
  - difflib
- name: github.com/smartystreets/assertions
  version: 4ea54c1f28ad3ae597e76607dea3871fa177e263
  subpackages:
  - internal/go-render/render
  - internal/oglematchers
- name: github.com/smartystreets/goconvey
  version: 9e8dc3f972df6c8fcc0375ef492c24d0bb204857
  subpackages:
  - convey
  - convey/gotest
  - convey/reporting
- name: github.com/stretchr/objx
  version: cbeaeb16a013161a98496fad62933b1d21786672
- name: github.com/stretchr/testify
  version: 69483b4bd14f5845b5a1e55bca19e954e827f1d0
  subpackages:
  - assert
  - mock
